
Microsoft Visual Studio Solution File, Format Version 12.00
# Visual Studio Version 17
VisualStudioVersion = 17.11.35208.52
MinimumVisualStudioVersion = 10.0.40219.1
Project("{FAE04EC0-301F-11D3-BF4B-00C04F79EFBC}") = "RevisaoNovoTriangulo", "RevisaoNovoTriangulo.csproj", "{5046EB8A-01E1-4DAD-8D3A-9ED5313E3CF1}"
EndProject
Global
	GlobalSection(SolutionConfigurationPlatforms) = preSolution
		Debug|Any CPU = Debug|Any CPU
		Release|Any CPU = Release|Any CPU
	EndGlobalSection
	GlobalSection(ProjectConfigurationPlatforms) = postSolution
		{5046EB8A-01E1-4DAD-8D3A-9ED5313E3CF1}.Debug|Any CPU.ActiveCfg = Debug|Any CPU
		{5046EB8A-01E1-4DAD-8D3A-9ED5313E3CF1}.Debug|Any CPU.Build.0 = Debug|Any CPU
		{5046EB8A-01E1-4DAD-8D3A-9ED5313E3CF1}.Release|Any CPU.ActiveCfg = Release|Any CPU
		{5046EB8A-01E1-4DAD-8D3A-9ED5313E3CF1}.Release|Any CPU.Build.0 = Release|Any CPU
	EndGlobalSection
	GlobalSection(SolutionProperties) = preSolution
		HideSolutionNode = FALSE
	EndGlobalSection
	GlobalSection(ExtensibilityGlobals) = postSolution
		SolutionGuid = {E5FB0BC9-1778-4629-9550-D37CC14882C7}
	EndGlobalSection
EndGlobal
